// !$*UTF8*$!
{
	archiveVersion = 1;
	classes = {
	};
	objectVersion = 46;
	objects = {

/* Begin PBXBuildFile section */
		704466A313330357005615AC /* UIKit.framework in Frameworks */ = {isa = PBXBuildFile; fileRef = 704466A213330357005615AC /* UIKit.framework */; };
		704466A513330357005615AC /* Foundation.framework in Frameworks */ = {isa = PBXBuildFile; fileRef = 704466A413330357005615AC /* Foundation.framework */; };
		704466A713330357005615AC /* CoreGraphics.framework in Frameworks */ = {isa = PBXBuildFile; fileRef = 704466A613330357005615AC /* CoreGraphics.framework */; };
		704466AD13330357005615AC /* InfoPlist.strings in Resources */ = {isa = PBXBuildFile; fileRef = 704466AB13330357005615AC /* InfoPlist.strings */; };
		704466B013330357005615AC /* main.m in Sources */ = {isa = PBXBuildFile; fileRef = 704466AF13330357005615AC /* main.m */; };
		704466B313330357005615AC /* BansheeListenerAppDelegate.m in Sources */ = {isa = PBXBuildFile; fileRef = 704466B213330357005615AC /* BansheeListenerAppDelegate.m */; };
		704466B613330357005615AC /* MainWindow.xib in Resources */ = {isa = PBXBuildFile; fileRef = 704466B413330357005615AC /* MainWindow.xib */; };
		704466B913330358005615AC /* BansheeListenerViewController.m in Sources */ = {isa = PBXBuildFile; fileRef = 704466B813330358005615AC /* BansheeListenerViewController.m */; };
		704466BC13330358005615AC /* BansheeListenerViewController.xib in Resources */ = {isa = PBXBuildFile; fileRef = 704466BA13330358005615AC /* BansheeListenerViewController.xib */; };
		704466C313330358005615AC /* UIKit.framework in Frameworks */ = {isa = PBXBuildFile; fileRef = 704466A213330357005615AC /* UIKit.framework */; };
		704466C413330358005615AC /* Foundation.framework in Frameworks */ = {isa = PBXBuildFile; fileRef = 704466A413330357005615AC /* Foundation.framework */; };
		704466C513330358005615AC /* CoreGraphics.framework in Frameworks */ = {isa = PBXBuildFile; fileRef = 704466A613330357005615AC /* CoreGraphics.framework */; };
		704466CD13330358005615AC /* InfoPlist.strings in Resources */ = {isa = PBXBuildFile; fileRef = 704466CB13330358005615AC /* InfoPlist.strings */; };
		704466D013330358005615AC /* BansheeListenerTests.h in Resources */ = {isa = PBXBuildFile; fileRef = 704466CF13330358005615AC /* BansheeListenerTests.h */; };
		704466D213330358005615AC /* BansheeListenerTests.m in Sources */ = {isa = PBXBuildFile; fileRef = 704466D113330358005615AC /* BansheeListenerTests.m */; };
/* End PBXBuildFile section */

/* Begin PBXContainerItemProxy section */
		704466C613330358005615AC /* PBXContainerItemProxy */ = {
			isa = PBXContainerItemProxy;
			containerPortal = 7044669513330357005615AC /* Project object */;
			proxyType = 1;
			remoteGlobalIDString = 7044669D13330357005615AC;
			remoteInfo = BansheeListener;
		};
/* End PBXContainerItemProxy section */

/* Begin PBXFileReference section */
		7044669E13330357005615AC /* BansheeListener.app */ = {isa = PBXFileReference; explicitFileType = wrapper.application; includeInIndex = 0; path = BansheeListener.app; sourceTree = BUILT_PRODUCTS_DIR; };
		704466A213330357005615AC /* UIKit.framework */ = {isa = PBXFileReference; lastKnownFileType = wrapper.framework; name = UIKit.framework; path = System/Library/Frameworks/UIKit.framework; sourceTree = SDKROOT; };
		704466A413330357005615AC /* Foundation.framework */ = {isa = PBXFileReference; lastKnownFileType = wrapper.framework; name = Foundation.framework; path = System/Library/Frameworks/Foundation.framework; sourceTree = SDKROOT; };
		704466A613330357005615AC /* CoreGraphics.framework */ = {isa = PBXFileReference; lastKnownFileType = wrapper.framework; name = CoreGraphics.framework; path = System/Library/Frameworks/CoreGraphics.framework; sourceTree = SDKROOT; };
		704466AA13330357005615AC /* BansheeListener-Info.plist */ = {isa = PBXFileReference; path = "BansheeListener-Info.plist"; sourceTree = "<group>"; };
		704466AC13330357005615AC /* en */ = {isa = PBXFileReference; lastKnownFileType = text.plist.strings; name = en; path = en.lproj/InfoPlist.strings; sourceTree = "<group>"; };
		704466AE13330357005615AC /* BansheeListener-Prefix.pch */ = {isa = PBXFileReference; path = "BansheeListener-Prefix.pch"; sourceTree = "<group>"; };
		704466AF13330357005615AC /* main.m */ = {isa = PBXFileReference; lastKnownFileType = sourcecode.c.objc; path = main.m; sourceTree = "<group>"; };
		704466B113330357005615AC /* BansheeListenerAppDelegate.h */ = {isa = PBXFileReference; path = BansheeListenerAppDelegate.h; sourceTree = "<group>"; };
		704466B213330357005615AC /* BansheeListenerAppDelegate.m */ = {isa = PBXFileReference; lastKnownFileType = sourcecode.c.objc; path = BansheeListenerAppDelegate.m; sourceTree = "<group>"; };
		704466B513330357005615AC /* en */ = {isa = PBXFileReference; lastKnownFileType = file.xib; name = en; path = en.lproj/MainWindow.xib; sourceTree = "<group>"; };
		704466B713330357005615AC /* BansheeListenerViewController.h */ = {isa = PBXFileReference; path = BansheeListenerViewController.h; sourceTree = "<group>"; };
		704466B813330358005615AC /* BansheeListenerViewController.m */ = {isa = PBXFileReference; lastKnownFileType = sourcecode.c.objc; path = BansheeListenerViewController.m; sourceTree = "<group>"; };
		704466BB13330358005615AC /* en */ = {isa = PBXFileReference; lastKnownFileType = file.xib; name = en; path = en.lproj/BansheeListenerViewController.xib; sourceTree = "<group>"; };
		704466C213330358005615AC /* BansheeListenerTests.octest */ = {isa = PBXFileReference; explicitFileType = wrapper.cfbundle; includeInIndex = 0; path = BansheeListenerTests.octest; sourceTree = BUILT_PRODUCTS_DIR; };
		704466CA13330358005615AC /* BansheeListenerTests-Info.plist */ = {isa = PBXFileReference; path = "BansheeListenerTests-Info.plist"; sourceTree = "<group>"; };
		704466CC13330358005615AC /* en */ = {isa = PBXFileReference; lastKnownFileType = text.plist.strings; name = en; path = en.lproj/InfoPlist.strings; sourceTree = "<group>"; };
		704466CE13330358005615AC /* BansheeListenerTests-Prefix.pch */ = {isa = PBXFileReference; path = "BansheeListenerTests-Prefix.pch"; sourceTree = "<group>"; };
		704466CF13330358005615AC /* BansheeListenerTests.h */ = {isa = PBXFileReference; lastKnownFileType = sourcecode.c.h; path = BansheeListenerTests.h; sourceTree = "<group>"; };
		704466D113330358005615AC /* BansheeListenerTests.m */ = {isa = PBXFileReference; lastKnownFileType = sourcecode.c.objc; path = BansheeListenerTests.m; sourceTree = "<group>"; };
/* End PBXFileReference section */

/* Begin PBXFrameworksBuildPhase section */
		7044669B13330357005615AC /* Frameworks */ = {
			isa = PBXFrameworksBuildPhase;
			buildActionMask = 2147483647;
			files = (
				704466A313330357005615AC /* UIKit.framework in Frameworks */,
				704466A513330357005615AC /* Foundation.framework in Frameworks */,
				704466A713330357005615AC /* CoreGraphics.framework in Frameworks */,
			);
			runOnlyForDeploymentPostprocessing = 0;
		};
		704466BE13330358005615AC /* Frameworks */ = {
			isa = PBXFrameworksBuildPhase;
			buildActionMask = 2147483647;
			files = (
				704466C313330358005615AC /* UIKit.framework in Frameworks */,
				704466C413330358005615AC /* Foundation.framework in Frameworks */,
				704466C513330358005615AC /* CoreGraphics.framework in Frameworks */,
			);
			runOnlyForDeploymentPostprocessing = 0;
		};
/* End PBXFrameworksBuildPhase section */

/* Begin PBXGroup section */
		7044669313330357005615AC = {
			isa = PBXGroup;
			children = (
				704466A813330357005615AC /* BansheeListener */,
				704466C813330358005615AC /* BansheeListenerTests */,
				704466A113330357005615AC /* Frameworks */,
				7044669F13330357005615AC /* Products */,
			);
			sourceTree = "<group>";
		};
		7044669F13330357005615AC /* Products */ = {
			isa = PBXGroup;
			children = (
				7044669E13330357005615AC /* BansheeListener.app */,
				704466C213330358005615AC /* BansheeListenerTests.octest */,
			);
			name = Products;
			sourceTree = "<group>";
		};
		704466A113330357005615AC /* Frameworks */ = {
			isa = PBXGroup;
			children = (
				704466A213330357005615AC /* UIKit.framework */,
				704466A413330357005615AC /* Foundation.framework */,
				704466A613330357005615AC /* CoreGraphics.framework */,
			);
			name = Frameworks;
			sourceTree = "<group>";
		};
		704466A813330357005615AC /* BansheeListener */ = {
			isa = PBXGroup;
			children = (
				704466B113330357005615AC /* BansheeListenerAppDelegate.h */,
				704466B213330357005615AC /* BansheeListenerAppDelegate.m */,
				704466B413330357005615AC /* MainWindow.xib */,
				704466B713330357005615AC /* BansheeListenerViewController.h */,
				704466B813330358005615AC /* BansheeListenerViewController.m */,
				704466BA13330358005615AC /* BansheeListenerViewController.xib */,
				704466A913330357005615AC /* Supporting Files */,
			);
			path = BansheeListener;
			sourceTree = "<group>";
		};
		704466A913330357005615AC /* Supporting Files */ = {
			isa = PBXGroup;
			children = (
				704466AA13330357005615AC /* BansheeListener-Info.plist */,
				704466AB13330357005615AC /* InfoPlist.strings */,
				704466AE13330357005615AC /* BansheeListener-Prefix.pch */,
				704466AF13330357005615AC /* main.m */,
			);
			name = "Supporting Files";
			sourceTree = "<group>";
		};
		704466C813330358005615AC /* BansheeListenerTests */ = {
			isa = PBXGroup;
			children = (
				704466CF13330358005615AC /* BansheeListenerTests.h */,
				704466D113330358005615AC /* BansheeListenerTests.m */,
				704466C913330358005615AC /* Supporting Files */,
			);
			path = BansheeListenerTests;
			sourceTree = "<group>";
		};
		704466C913330358005615AC /* Supporting Files */ = {
			isa = PBXGroup;
			children = (
				704466CA13330358005615AC /* BansheeListenerTests-Info.plist */,
				704466CB13330358005615AC /* InfoPlist.strings */,
				704466CE13330358005615AC /* BansheeListenerTests-Prefix.pch */,
			);
			name = "Supporting Files";
			sourceTree = "<group>";
		};
/* End PBXGroup section */

/* Begin PBXNativeTarget section */
		7044669D13330357005615AC /* BansheeListener */ = {
			isa = PBXNativeTarget;
			buildConfigurationList = 704466D513330358005615AC /* Build configuration list for PBXNativeTarget "BansheeListener" */;
			buildPhases = (
				7044669A13330357005615AC /* Sources */,
				7044669B13330357005615AC /* Frameworks */,
				7044669C13330357005615AC /* Resources */,
			);
			buildRules = (
			);
			dependencies = (
			);
			name = BansheeListener;
			productName = BansheeListener;
			productReference = 7044669E13330357005615AC /* BansheeListener.app */;
			productType = "com.apple.product-type.application";
		};
		704466C113330358005615AC /* BansheeListenerTests */ = {
			isa = PBXNativeTarget;
			buildConfigurationList = 704466D813330358005615AC /* Build configuration list for PBXNativeTarget "BansheeListenerTests" */;
			buildPhases = (
				704466BD13330358005615AC /* Sources */,
				704466BE13330358005615AC /* Frameworks */,
				704466BF13330358005615AC /* Resources */,
				704466C013330358005615AC /* ShellScript */,
			);
			buildRules = (
			);
			dependencies = (
				704466C713330358005615AC /* PBXTargetDependency */,
			);
			name = BansheeListenerTests;
			productName = BansheeListenerTests;
			productReference = 704466C213330358005615AC /* BansheeListenerTests.octest */;
			productType = "com.apple.product-type.bundle";
		};
/* End PBXNativeTarget section */

/* Begin PBXProject section */
		7044669513330357005615AC /* Project object */ = {
			isa = PBXProject;
			attributes = {
				ORGANIZATIONNAME = www.jhhl.net;
			};
			buildConfigurationList = 7044669813330357005615AC /* Build configuration list for PBXProject "BansheeListener" */;
			compatibilityVersion = "Xcode 3.2";
			developmentRegion = English;
			hasScannedForEncodings = 0;
			knownRegions = (
				en,
			);
			mainGroup = 7044669313330357005615AC;
			productRefGroup = 7044669F13330357005615AC /* Products */;
			projectDirPath = "";
			projectRoot = "";
			targets = (
				7044669D13330357005615AC /* BansheeListener */,
				704466C113330358005615AC /* BansheeListenerTests */,
			);
		};
/* End PBXProject section */

/* Begin PBXResourcesBuildPhase section */
		7044669C13330357005615AC /* Resources */ = {
			isa = PBXResourcesBuildPhase;
			buildActionMask = 2147483647;
			files = (
				704466AD13330357005615AC /* InfoPlist.strings in Resources */,
				704466B613330357005615AC /* MainWindow.xib in Resources */,
				704466BC13330358005615AC /* BansheeListenerViewController.xib in Resources */,
			);
			runOnlyForDeploymentPostprocessing = 0;
		};
		704466BF13330358005615AC /* Resources */ = {
			isa = PBXResourcesBuildPhase;
			buildActionMask = 2147483647;
			files = (
				704466CD13330358005615AC /* InfoPlist.strings in Resources */,
				704466D013330358005615AC /* BansheeListenerTests.h in Resources */,
			);
			runOnlyForDeploymentPostprocessing = 0;
		};
/* End PBXResourcesBuildPhase section */

/* Begin PBXShellScriptBuildPhase section */
		704466C013330358005615AC /* ShellScript */ = {
			isa = PBXShellScriptBuildPhase;
			buildActionMask = 2147483647;
			files = (
			);
			inputPaths = (
			);
			outputPaths = (
			);
			runOnlyForDeploymentPostprocessing = 0;
			shellPath = /bin/sh;
			shellScript = "# Run the unit tests in this test bundle.\n\"${SYSTEM_DEVELOPER_DIR}/Tools/RunUnitTests\"\n";
		};
/* End PBXShellScriptBuildPhase section */

/* Begin PBXSourcesBuildPhase section */
		7044669A13330357005615AC /* Sources */ = {
			isa = PBXSourcesBuildPhase;
			buildActionMask = 2147483647;
			files = (
				704466B013330357005615AC /* main.m in Sources */,
				704466B313330357005615AC /* BansheeListenerAppDelegate.m in Sources */,
				704466B913330358005615AC /* BansheeListenerViewController.m in Sources */,
			);
			runOnlyForDeploymentPostprocessing = 0;
		};
		704466BD13330358005615AC /* Sources */ = {
			isa = PBXSourcesBuildPhase;
			buildActionMask = 2147483647;
			files = (
				704466D213330358005615AC /* BansheeListenerTests.m in Sources */,
			);
			runOnlyForDeploymentPostprocessing = 0;
		};
/* End PBXSourcesBuildPhase section */

/* Begin PBXTargetDependency section */
		704466C713330358005615AC /* PBXTargetDependency */ = {
			isa = PBXTargetDependency;
			target = 7044669D13330357005615AC /* BansheeListener */;
			targetProxy = 704466C613330358005615AC /* PBXContainerItemProxy */;
		};
/* End PBXTargetDependency section */

/* Begin PBXVariantGroup section */
		704466AB13330357005615AC /* InfoPlist.strings */ = {
			isa = PBXVariantGroup;
			children = (
				704466AC13330357005615AC /* en */,
			);
			name = InfoPlist.strings;
			sourceTree = "<group>";
		};
		704466B413330357005615AC /* MainWindow.xib */ = {
			isa = PBXVariantGroup;
			children = (
				704466B513330357005615AC /* en */,
			);
			name = MainWindow.xib;
			sourceTree = "<group>";
		};
		704466BA13330358005615AC /* BansheeListenerViewController.xib */ = {
			isa = PBXVariantGroup;
			children = (
				704466BB13330358005615AC /* en */,
			);
			name = BansheeListenerViewController.xib;
			sourceTree = "<group>";
		};
		704466CB13330358005615AC /* InfoPlist.strings */ = {
			isa = PBXVariantGroup;
			children = (
				704466CC13330358005615AC /* en */,
			);
			name = InfoPlist.strings;
			sourceTree = "<group>";
		};
/* End PBXVariantGroup section */

/* Begin XCBuildConfiguration section */
		704466D313330358005615AC /* Debug */ = {
			isa = XCBuildConfiguration;
			buildSettings = {
				ARCHS = "$(ARCHS_STANDARD_32_BIT)";
				"CODE_SIGN_IDENTITY[sdk=iphoneos*]" = "iPhone Developer";
				GCC_C_LANGUAGE_STANDARD = gnu99;
				GCC_OPTIMIZATION_LEVEL = 0;
				GCC_PREPROCESSOR_DEFINITIONS = DEBUG;
				GCC_SYMBOLS_PRIVATE_EXTERN = NO;
				GCC_VERSION = com.apple.compilers.llvmgcc42;
				GCC_WARN_ABOUT_RETURN_TYPE = YES;
				GCC_WARN_UNUSED_VARIABLE = YES;
				IPHONEOS_DEPLOYMENT_TARGET = 4.3;
				SDKROOT = iphoneos;
			};
			name = Debug;
		};
		704466D413330358005615AC /* Release */ = {
			isa = XCBuildConfiguration;
			buildSettings = {
				ARCHS = "$(ARCHS_STANDARD_32_BIT)";
				"CODE_SIGN_IDENTITY[sdk=iphoneos*]" = "iPhone Developer";
				GCC_C_LANGUAGE_STANDARD = gnu99;
				GCC_VERSION = com.apple.compilers.llvmgcc42;
				GCC_WARN_ABOUT_RETURN_TYPE = YES;
				GCC_WARN_UNUSED_VARIABLE = YES;
				IPHONEOS_DEPLOYMENT_TARGET = 4.3;
				OTHER_CFLAGS = "-DNS_BLOCK_ASSERTIONS=1";
				SDKROOT = iphoneos;
			};
			name = Release;
		};
		704466D613330358005615AC /* Debug */ = {
			isa = XCBuildConfiguration;
			buildSettings = {
				ALWAYS_SEARCH_USER_PATHS = NO;
				COPY_PHASE_STRIP = NO;
				GCC_DYNAMIC_NO_PIC = NO;
				GCC_PRECOMPILE_PREFIX_HEADER = YES;
				GCC_PREFIX_HEADER = "BansheeListener/BansheeListener-Prefix.pch";
				INFOPLIST_FILE = "BansheeListener/BansheeListener-Info.plist";
				PRODUCT_NAME = "$(TARGET_NAME)";
				WRAPPER_EXTENSION = app;
			};
			name = Debug;
		};
		704466D713330358005615AC /* Release */ = {
			isa = XCBuildConfiguration;
			buildSettings = {
				ALWAYS_SEARCH_USER_PATHS = NO;
				COPY_PHASE_STRIP = YES;
				GCC_PRECOMPILE_PREFIX_HEADER = YES;
				GCC_PREFIX_HEADER = "BansheeListener/BansheeListener-Prefix.pch";
				INFOPLIST_FILE = "BansheeListener/BansheeListener-Info.plist";
				PRODUCT_NAME = "$(TARGET_NAME)";
				VALIDATE_PRODUCT = YES;
				WRAPPER_EXTENSION = app;
			};
			name = Release;
		};
		704466D913330358005615AC /* Debug */ = {
			isa = XCBuildConfiguration;
			buildSettings = {
				ALWAYS_SEARCH_USER_PATHS = NO;
				BUNDLE_LOADER = "$(BUILT_PRODUCTS_DIR)/BansheeListener.app/BansheeListener";
				FRAMEWORK_SEARCH_PATHS = (
					"$(SDKROOT)/Developer/Library/Frameworks",
					"$(DEVELOPER_LIBRARY_DIR)/Frameworks",
				);
				GCC_PRECOMPILE_PREFIX_HEADER = YES;
				GCC_PREFIX_HEADER = "BansheeListenerTests/BansheeListenerTests-Prefix.pch";
				INFOPLIST_FILE = "BansheeListenerTests/BansheeListenerTests-Info.plist";
				OTHER_LDFLAGS = (
					"-framework",
					SenTestingKit,
				);
				PRODUCT_NAME = "$(TARGET_NAME)";
				TEST_HOST = "$(BUNDLE_LOADER)";
				WRAPPER_EXTENSION = octest;
			};
			name = Debug;
		};
		704466DA13330358005615AC /* Release */ = {
			isa = XCBuildConfiguration;
			buildSettings = {
				ALWAYS_SEARCH_USER_PATHS = NO;
				BUNDLE_LOADER = "$(BUILT_PRODUCTS_DIR)/BansheeListener.app/BansheeListener";
				FRAMEWORK_SEARCH_PATHS = (
					"$(SDKROOT)/Developer/Library/Frameworks",
					"$(DEVELOPER_LIBRARY_DIR)/Frameworks",
				);
				GCC_PRECOMPILE_PREFIX_HEADER = YES;
				GCC_PREFIX_HEADER = "BansheeListenerTests/BansheeListenerTests-Prefix.pch";
				INFOPLIST_FILE = "BansheeListenerTests/BansheeListenerTests-Info.plist";
				OTHER_LDFLAGS = (
					"-framework",
					SenTestingKit,
				);
				PRODUCT_NAME = "$(TARGET_NAME)";
				TEST_HOST = "$(BUNDLE_LOADER)";
				WRAPPER_EXTENSION = octest;
			};
			name = Release;
		};
/* End XCBuildConfiguration section */

/* Begin XCConfigurationList section */
		7044669813330357005615AC /* Build configuration list for PBXProject "BansheeListener" */ = {
			isa = XCConfigurationList;
			buildConfigurations = (
				704466D313330358005615AC /* Debug */,
				704466D413330358005615AC /* Release */,
			);
			defaultConfigurationIsVisible = 0;
			defaultConfigurationName = Release;
		};
		704466D513330358005615AC /* Build configuration list for PBXNativeTarget "BansheeListener" */ = {
			isa = XCConfigurationList;
			buildConfigurations = (
				704466D613330358005615AC /* Debug */,
				704466D713330358005615AC /* Release */,
			);
			defaultConfigurationIsVisible = 0;
		};
		704466D813330358005615AC /* Build configuration list for PBXNativeTarget "BansheeListenerTests" */ = {
			isa = XCConfigurationList;
			buildConfigurations = (
				704466D913330358005615AC /* Debug */,
				704466DA13330358005615AC /* Release */,
			);
			defaultConfigurationIsVisible = 0;
		};
/* End XCConfigurationList section */
	};
	rootObject = 7044669513330357005615AC /* Project object */;
}
